
Microsoft Visual Studio Solution File, Format Version 12.00
# Visual Studio Version 16
VisualStudioVersion = 16.0.29209.152
MinimumVisualStudioVersion = 10.0.40219.1
Project("{9A19103F-16F7-4668-BE54-9A1E7A4F7556}") = "TempleLang.Lexer.Abstractions", "TempleLang.Lexer.Abstractions\TempleLang.Lexer.Abstractions.csproj", "{81829B6C-2EDA-4FED-B46A-4FAAA1280156}"
EndProject
Project("{2150E333-8FDC-42A3-9474-1A3956D46DE8}") = "1_Lexer", "1_Lexer", "{6B1E8D2E-2621-4205-8A52-921C31EB93F5}"
EndProject
Project("{2150E333-8FDC-42A3-9474-1A3956D46DE8}") = "2_Parser", "2_Parser", "{A8A6EF5A-FFE3-4FDA-A33A-C962E09CFEFB}"
EndProject
Project("{9A19103F-16F7-4668-BE54-9A1E7A4F7556}") = "TempleLang.Lexer", "TempleLang.Lexer\TempleLang.Lexer.csproj", "{E60DBF2D-20FE-4542-8FDA-66F06EF63B63}"
EndProject
Project("{9A19103F-16F7-4668-BE54-9A1E7A4F7556}") = "TempleLang.Parser", "TempleLang.Parser\TempleLang.Parser.csproj", "{EF359EDF-7736-49CF-96A9-D29BCECBE92F}"
EndProject
Project("{9A19103F-16F7-4668-BE54-9A1E7A4F7556}") = "TempleLang.Parser.Abstractions", "TempleLang.Parser.Abstractions\TempleLang.Parser.Abstractions.csproj", "{AC5682DF-F89A-4031-8D1D-4DB117EE261D}"
EndProject
Project("{2150E333-8FDC-42A3-9474-1A3956D46DE8}") = "4_Intermediate", "4_Intermediate", "{74C38B6F-6E61-4E17-A213-059696CAA13C}"
EndProject
Project("{2150E333-8FDC-42A3-9474-1A3956D46DE8}") = "Diagnostic", "Diagnostic", "{3D5DBC2E-EC7A-4771-8CF3-6105E2F61598}"
EndProject
Project("{9A19103F-16F7-4668-BE54-9A1E7A4F7556}") = "TempleLang.Diagnostic", "TempleLang.Diagnostic\TempleLang.Diagnostic.csproj", "{28C1EA8F-A1C4-4292-AD06-A4829EA89E74}"
EndProject
Project("{9A19103F-16F7-4668-BE54-9A1E7A4F7556}") = "TempleLang.Binder", "TempleLang.Binder\TempleLang.Binder.csproj", "{54EE0EFB-CEE6-4893-8195-60276D3977D0}"
EndProject
Project("{2150E333-8FDC-42A3-9474-1A3956D46DE8}") = "3_Binder", "3_Binder", "{3FE1CC6E-4C20-41EC-A77F-9DC94EC5DC33}"
EndProject
Project("{9A19103F-16F7-4668-BE54-9A1E7A4F7556}") = "TempleLang.Bound", "TempleLang.Bound\TempleLang.Bound.csproj", "{965316F8-B371-4345-B4E8-70CC5302983C}"
EndProject
Project("{2150E333-8FDC-42A3-9474-1A3956D46DE8}") = "5_CodeGenerator", "5_CodeGenerator", "{89BB7A73-4E2C-4DB2-AD2E-08900628CC1D}"
EndProject
Project("{2150E333-8FDC-42A3-9474-1A3956D46DE8}") = "6_Compiler", "6_Compiler", "{62F0A80D-47E6-43A1-ADC2-2A4BAB8FF6DA}"
EndProject
Project("{9A19103F-16F7-4668-BE54-9A1E7A4F7556}") = "TempleLang.Intermediate", "TempleLang.Intermediate\TempleLang.Intermediate.csproj", "{3B0B2ADA-57F0-4463-8EEB-6713D87F322E}"
EndProject
Project("{9A19103F-16F7-4668-BE54-9A1E7A4F7556}") = "TempleLang.Compiler", "TempleLang.Compiler\TempleLang.Compiler.csproj", "{1E0945C0-507E-4C9C-8A77-333E2951FA05}"
EndProject
Project("{2150E333-8FDC-42A3-9474-1A3956D46DE8}") = "Solution Items", "Solution Items", "{0CD49334-B982-40FC-9118-B46A90657DAD}"
	ProjectSection(SolutionItems) = preProject
		QuickSort\ASM\QuickSort.asm = QuickSort\ASM\QuickSort.asm
		QuickSort\QuickSort.tl = QuickSort\QuickSort.tl
		QuickSort\QuickSort.tlil = QuickSort\QuickSort.tlil
	EndProjectSection
EndProject
Project("{9A19103F-16F7-4668-BE54-9A1E7A4F7556}") = "TempleLang.CodeGenerator.NASM", "TempleLang.CodeGenerator.NASM\TempleLang.CodeGenerator.NASM.csproj", "{C9640599-1ADA-4E87-9C1E-FBC36729E6A2}"
EndProject
Project("{9A19103F-16F7-4668-BE54-9A1E7A4F7556}") = "TempleLang.Transformer", "TempleLang.Transformer\TempleLang.Transformer.csproj", "{AC4999E5-3C09-4E4E-BC2E-320E6570AC4B}"
EndProject
Project("{9A19103F-16F7-4668-BE54-9A1E7A4F7556}") = "TempleLang.CodeGenerator", "TempleLang.CodeGenerator\TempleLang.CodeGenerator.csproj", "{AB277345-7D45-4146-B891-6E0AAC45EDF6}"
EndProject
Project("{9A19103F-16F7-4668-BE54-9A1E7A4F7556}") = "TempleLang.CLI", "TempleLang.CLI\TempleLang.CLI.csproj", "{1825280E-647A-4AD6-B29D-3289CB014560}"
EndProject
Project("{911E67C6-3D85-4FCE-B560-20A9C3E3FF48}") = "QuickSort", "QuickSort\QuickSort.exe", "{1AC0167D-D12A-493B-9664-0D1F717F905F}"
	ProjectSection(DebuggerProjectSystem) = preProject
		PortSupplier = 00000000-0000-0000-0000-000000000000
		Executable = C:\Users\blend\Documents\School\Info\BLL\TempleLang\QuickSort\QuickSort.exe
		RemoteMachine = SAMSUNGSMARTFRI
		StartingDirectory = C:\Users\blend\Documents\School\Info\BLL\TempleLang\QuickSort
		Environment = Default
		LaunchingEngine = 00000000-0000-0000-0000-000000000000
		UseLegacyDebugEngines = No
		LaunchSQLEngine = No
		AttachLaunchAction = No
	EndProjectSection
EndProject
Global
	GlobalSection(SolutionConfigurationPlatforms) = preSolution
		Debug|Any CPU = Debug|Any CPU
		Debug|x64 = Debug|x64
		Release|Any CPU = Release|Any CPU
		Release|x64 = Release|x64
	EndGlobalSection
	GlobalSection(ProjectConfigurationPlatforms) = postSolution
		{81829B6C-2EDA-4FED-B46A-4FAAA1280156}.Debug|Any CPU.ActiveCfg = Debug|Any CPU
		{81829B6C-2EDA-4FED-B46A-4FAAA1280156}.Debug|Any CPU.Build.0 = Debug|Any CPU
		{81829B6C-2EDA-4FED-B46A-4FAAA1280156}.Debug|x64.ActiveCfg = Debug|Any CPU
		{81829B6C-2EDA-4FED-B46A-4FAAA1280156}.Debug|x64.Build.0 = Debug|Any CPU
		{81829B6C-2EDA-4FED-B46A-4FAAA1280156}.Release|Any CPU.ActiveCfg = Release|Any CPU
		{81829B6C-2EDA-4FED-B46A-4FAAA1280156}.Release|Any CPU.Build.0 = Release|Any CPU
		{81829B6C-2EDA-4FED-B46A-4FAAA1280156}.Release|x64.ActiveCfg = Release|Any CPU
		{81829B6C-2EDA-4FED-B46A-4FAAA1280156}.Release|x64.Build.0 = Release|Any CPU
		{E60DBF2D-20FE-4542-8FDA-66F06EF63B63}.Debug|Any CPU.ActiveCfg = Debug|Any CPU
		{E60DBF2D-20FE-4542-8FDA-66F06EF63B63}.Debug|Any CPU.Build.0 = Debug|Any CPU
		{E60DBF2D-20FE-4542-8FDA-66F06EF63B63}.Debug|x64.ActiveCfg = Debug|Any CPU
		{E60DBF2D-20FE-4542-8FDA-66F06EF63B63}.Debug|x64.Build.0 = Debug|Any CPU
		{E60DBF2D-20FE-4542-8FDA-66F06EF63B63}.Release|Any CPU.ActiveCfg = Release|Any CPU
		{E60DBF2D-20FE-4542-8FDA-66F06EF63B63}.Release|Any CPU.Build.0 = Release|Any CPU
		{E60DBF2D-20FE-4542-8FDA-66F06EF63B63}.Release|x64.ActiveCfg = Release|Any CPU
		{E60DBF2D-20FE-4542-8FDA-66F06EF63B63}.Release|x64.Build.0 = Release|Any CPU
		{EF359EDF-7736-49CF-96A9-D29BCECBE92F}.Debug|Any CPU.ActiveCfg = Debug|Any CPU
		{EF359EDF-7736-49CF-96A9-D29BCECBE92F}.Debug|Any CPU.Build.0 = Debug|Any CPU
		{EF359EDF-7736-49CF-96A9-D29BCECBE92F}.Debug|x64.ActiveCfg = Debug|Any CPU
		{EF359EDF-7736-49CF-96A9-D29BCECBE92F}.Debug|x64.Build.0 = Debug|Any CPU
		{EF359EDF-7736-49CF-96A9-D29BCECBE92F}.Release|Any CPU.ActiveCfg = Release|Any CPU
		{EF359EDF-7736-49CF-96A9-D29BCECBE92F}.Release|Any CPU.Build.0 = Release|Any CPU
		{EF359EDF-7736-49CF-96A9-D29BCECBE92F}.Release|x64.ActiveCfg = Release|Any CPU
		{EF359EDF-7736-49CF-96A9-D29BCECBE92F}.Release|x64.Build.0 = Release|Any CPU
		{AC5682DF-F89A-4031-8D1D-4DB117EE261D}.Debug|Any CPU.ActiveCfg = Debug|Any CPU
		{AC5682DF-F89A-4031-8D1D-4DB117EE261D}.Debug|Any CPU.Build.0 = Debug|Any CPU
		{AC5682DF-F89A-4031-8D1D-4DB117EE261D}.Debug|x64.ActiveCfg = Debug|Any CPU
		{AC5682DF-F89A-4031-8D1D-4DB117EE261D}.Debug|x64.Build.0 = Debug|Any CPU
		{AC5682DF-F89A-4031-8D1D-4DB117EE261D}.Release|Any CPU.ActiveCfg = Release|Any CPU
		{AC5682DF-F89A-4031-8D1D-4DB117EE261D}.Release|Any CPU.Build.0 = Release|Any CPU
		{AC5682DF-F89A-4031-8D1D-4DB117EE261D}.Release|x64.ActiveCfg = Release|Any CPU
		{AC5682DF-F89A-4031-8D1D-4DB117EE261D}.Release|x64.Build.0 = Release|Any CPU
		{28C1EA8F-A1C4-4292-AD06-A4829EA89E74}.Debug|Any CPU.ActiveCfg = Debug|Any CPU
		{28C1EA8F-A1C4-4292-AD06-A4829EA89E74}.Debug|Any CPU.Build.0 = Debug|Any CPU
		{28C1EA8F-A1C4-4292-AD06-A4829EA89E74}.Debug|x64.ActiveCfg = Debug|Any CPU
		{28C1EA8F-A1C4-4292-AD06-A4829EA89E74}.Debug|x64.Build.0 = Debug|Any CPU
		{28C1EA8F-A1C4-4292-AD06-A4829EA89E74}.Release|Any CPU.ActiveCfg = Release|Any CPU
		{28C1EA8F-A1C4-4292-AD06-A4829EA89E74}.Release|Any CPU.Build.0 = Release|Any CPU
		{28C1EA8F-A1C4-4292-AD06-A4829EA89E74}.Release|x64.ActiveCfg = Release|Any CPU
		{28C1EA8F-A1C4-4292-AD06-A4829EA89E74}.Release|x64.Build.0 = Release|Any CPU
		{54EE0EFB-CEE6-4893-8195-60276D3977D0}.Debug|Any CPU.ActiveCfg = Debug|Any CPU
		{54EE0EFB-CEE6-4893-8195-60276D3977D0}.Debug|Any CPU.Build.0 = Debug|Any CPU
		{54EE0EFB-CEE6-4893-8195-60276D3977D0}.Debug|x64.ActiveCfg = Debug|Any CPU
		{54EE0EFB-CEE6-4893-8195-60276D3977D0}.Debug|x64.Build.0 = Debug|Any CPU
		{54EE0EFB-CEE6-4893-8195-60276D3977D0}.Release|Any CPU.ActiveCfg = Release|Any CPU
		{54EE0EFB-CEE6-4893-8195-60276D3977D0}.Release|Any CPU.Build.0 = Release|Any CPU
		{54EE0EFB-CEE6-4893-8195-60276D3977D0}.Release|x64.ActiveCfg = Release|Any CPU
		{54EE0EFB-CEE6-4893-8195-60276D3977D0}.Release|x64.Build.0 = Release|Any CPU
		{965316F8-B371-4345-B4E8-70CC5302983C}.Debug|Any CPU.ActiveCfg = Debug|Any CPU
		{965316F8-B371-4345-B4E8-70CC5302983C}.Debug|Any CPU.Build.0 = Debug|Any CPU
		{965316F8-B371-4345-B4E8-70CC5302983C}.Debug|x64.ActiveCfg = Debug|Any CPU
		{965316F8-B371-4345-B4E8-70CC5302983C}.Debug|x64.Build.0 = Debug|Any CPU
		{965316F8-B371-4345-B4E8-70CC5302983C}.Release|Any CPU.ActiveCfg = Release|Any CPU
		{965316F8-B371-4345-B4E8-70CC5302983C}.Release|Any CPU.Build.0 = Release|Any CPU
		{965316F8-B371-4345-B4E8-70CC5302983C}.Release|x64.ActiveCfg = Release|Any CPU
		{965316F8-B371-4345-B4E8-70CC5302983C}.Release|x64.Build.0 = Release|Any CPU
		{3B0B2ADA-57F0-4463-8EEB-6713D87F322E}.Debug|Any CPU.ActiveCfg = Debug|Any CPU
		{3B0B2ADA-57F0-4463-8EEB-6713D87F322E}.Debug|Any CPU.Build.0 = Debug|Any CPU
		{3B0B2ADA-57F0-4463-8EEB-6713D87F322E}.Debug|x64.ActiveCfg = Debug|Any CPU
		{3B0B2ADA-57F0-4463-8EEB-6713D87F322E}.Debug|x64.Build.0 = Debug|Any CPU
		{3B0B2ADA-57F0-4463-8EEB-6713D87F322E}.Release|Any CPU.ActiveCfg = Release|Any CPU
		{3B0B2ADA-57F0-4463-8EEB-6713D87F322E}.Release|Any CPU.Build.0 = Release|Any CPU
		{3B0B2ADA-57F0-4463-8EEB-6713D87F322E}.Release|x64.ActiveCfg = Release|Any CPU
		{3B0B2ADA-57F0-4463-8EEB-6713D87F322E}.Release|x64.Build.0 = Release|Any CPU
		{1E0945C0-507E-4C9C-8A77-333E2951FA05}.Debug|Any CPU.ActiveCfg = Debug|Any CPU
		{1E0945C0-507E-4C9C-8A77-333E2951FA05}.Debug|Any CPU.Build.0 = Debug|Any CPU
		{1E0945C0-507E-4C9C-8A77-333E2951FA05}.Debug|x64.ActiveCfg = Debug|Any CPU
		{1E0945C0-507E-4C9C-8A77-333E2951FA05}.Debug|x64.Build.0 = Debug|Any CPU
		{1E0945C0-507E-4C9C-8A77-333E2951FA05}.Release|Any CPU.ActiveCfg = Release|Any CPU
		{1E0945C0-507E-4C9C-8A77-333E2951FA05}.Release|Any CPU.Build.0 = Release|Any CPU
		{1E0945C0-507E-4C9C-8A77-333E2951FA05}.Release|x64.ActiveCfg = Release|Any CPU
		{1E0945C0-507E-4C9C-8A77-333E2951FA05}.Release|x64.Build.0 = Release|Any CPU
		{C9640599-1ADA-4E87-9C1E-FBC36729E6A2}.Debug|Any CPU.ActiveCfg = Debug|Any CPU
		{C9640599-1ADA-4E87-9C1E-FBC36729E6A2}.Debug|Any CPU.Build.0 = Debug|Any CPU
		{C9640599-1ADA-4E87-9C1E-FBC36729E6A2}.Debug|x64.ActiveCfg = Debug|Any CPU
		{C9640599-1ADA-4E87-9C1E-FBC36729E6A2}.Debug|x64.Build.0 = Debug|Any CPU
		{C9640599-1ADA-4E87-9C1E-FBC36729E6A2}.Release|Any CPU.ActiveCfg = Release|Any CPU
		{C9640599-1ADA-4E87-9C1E-FBC36729E6A2}.Release|Any CPU.Build.0 = Release|Any CPU
		{C9640599-1ADA-4E87-9C1E-FBC36729E6A2}.Release|x64.ActiveCfg = Release|Any CPU
		{C9640599-1ADA-4E87-9C1E-FBC36729E6A2}.Release|x64.Build.0 = Release|Any CPU
		{AC4999E5-3C09-4E4E-BC2E-320E6570AC4B}.Debug|Any CPU.ActiveCfg = Debug|Any CPU
		{AC4999E5-3C09-4E4E-BC2E-320E6570AC4B}.Debug|Any CPU.Build.0 = Debug|Any CPU
		{AC4999E5-3C09-4E4E-BC2E-320E6570AC4B}.Debug|x64.ActiveCfg = Debug|Any CPU
		{AC4999E5-3C09-4E4E-BC2E-320E6570AC4B}.Debug|x64.Build.0 = Debug|Any CPU
		{AC4999E5-3C09-4E4E-BC2E-320E6570AC4B}.Release|Any CPU.ActiveCfg = Release|Any CPU
		{AC4999E5-3C09-4E4E-BC2E-320E6570AC4B}.Release|Any CPU.Build.0 = Release|Any CPU
		{AC4999E5-3C09-4E4E-BC2E-320E6570AC4B}.Release|x64.ActiveCfg = Release|Any CPU
		{AC4999E5-3C09-4E4E-BC2E-320E6570AC4B}.Release|x64.Build.0 = Release|Any CPU
		{AB277345-7D45-4146-B891-6E0AAC45EDF6}.Debug|Any CPU.ActiveCfg = Debug|Any CPU
		{AB277345-7D45-4146-B891-6E0AAC45EDF6}.Debug|Any CPU.Build.0 = Debug|Any CPU
		{AB277345-7D45-4146-B891-6E0AAC45EDF6}.Debug|x64.ActiveCfg = Debug|Any CPU
		{AB277345-7D45-4146-B891-6E0AAC45EDF6}.Debug|x64.Build.0 = Debug|Any CPU
		{AB277345-7D45-4146-B891-6E0AAC45EDF6}.Release|Any CPU.ActiveCfg = Release|Any CPU
		{AB277345-7D45-4146-B891-6E0AAC45EDF6}.Release|Any CPU.Build.0 = Release|Any CPU
		{AB277345-7D45-4146-B891-6E0AAC45EDF6}.Release|x64.ActiveCfg = Release|Any CPU
		{AB277345-7D45-4146-B891-6E0AAC45EDF6}.Release|x64.Build.0 = Release|Any CPU
		{1825280E-647A-4AD6-B29D-3289CB014560}.Debug|Any CPU.ActiveCfg = Debug|Any CPU
		{1825280E-647A-4AD6-B29D-3289CB014560}.Debug|Any CPU.Build.0 = Debug|Any CPU
		{1825280E-647A-4AD6-B29D-3289CB014560}.Debug|x64.ActiveCfg = Debug|Any CPU
		{1825280E-647A-4AD6-B29D-3289CB014560}.Debug|x64.Build.0 = Debug|Any CPU
		{1825280E-647A-4AD6-B29D-3289CB014560}.Release|Any CPU.ActiveCfg = Release|Any CPU
		{1825280E-647A-4AD6-B29D-3289CB014560}.Release|Any CPU.Build.0 = Release|Any CPU
		{1825280E-647A-4AD6-B29D-3289CB014560}.Release|x64.ActiveCfg = Release|Any CPU
		{1825280E-647A-4AD6-B29D-3289CB014560}.Release|x64.Build.0 = Release|Any CPU
		{1AC0167D-D12A-493B-9664-0D1F717F905F}.Debug|Any CPU.ActiveCfg = Release
		{1AC0167D-D12A-493B-9664-0D1F717F905F}.Debug|x64.ActiveCfg = Release
		{1AC0167D-D12A-493B-9664-0D1F717F905F}.Release|Any CPU.ActiveCfg = Release
		{1AC0167D-D12A-493B-9664-0D1F717F905F}.Release|x64.ActiveCfg = Release
	EndGlobalSection
	GlobalSection(SolutionProperties) = preSolution
		HideSolutionNode = FALSE
	EndGlobalSection
	GlobalSection(NestedProjects) = preSolution
		{81829B6C-2EDA-4FED-B46A-4FAAA1280156} = {6B1E8D2E-2621-4205-8A52-921C31EB93F5}
		{E60DBF2D-20FE-4542-8FDA-66F06EF63B63} = {6B1E8D2E-2621-4205-8A52-921C31EB93F5}
		{EF359EDF-7736-49CF-96A9-D29BCECBE92F} = {A8A6EF5A-FFE3-4FDA-A33A-C962E09CFEFB}
		{AC5682DF-F89A-4031-8D1D-4DB117EE261D} = {A8A6EF5A-FFE3-4FDA-A33A-C962E09CFEFB}
		{28C1EA8F-A1C4-4292-AD06-A4829EA89E74} = {3D5DBC2E-EC7A-4771-8CF3-6105E2F61598}
		{54EE0EFB-CEE6-4893-8195-60276D3977D0} = {3FE1CC6E-4C20-41EC-A77F-9DC94EC5DC33}
		{965316F8-B371-4345-B4E8-70CC5302983C} = {3FE1CC6E-4C20-41EC-A77F-9DC94EC5DC33}
		{3B0B2ADA-57F0-4463-8EEB-6713D87F322E} = {74C38B6F-6E61-4E17-A213-059696CAA13C}
		{1E0945C0-507E-4C9C-8A77-333E2951FA05} = {62F0A80D-47E6-43A1-ADC2-2A4BAB8FF6DA}
		{C9640599-1ADA-4E87-9C1E-FBC36729E6A2} = {89BB7A73-4E2C-4DB2-AD2E-08900628CC1D}
		{AC4999E5-3C09-4E4E-BC2E-320E6570AC4B} = {74C38B6F-6E61-4E17-A213-059696CAA13C}
		{AB277345-7D45-4146-B891-6E0AAC45EDF6} = {89BB7A73-4E2C-4DB2-AD2E-08900628CC1D}
		{1AC0167D-D12A-493B-9664-0D1F717F905F} = {0CD49334-B982-40FC-9118-B46A90657DAD}
	EndGlobalSection
	GlobalSection(ExtensibilityGlobals) = postSolution
		SolutionGuid = {92D071EE-B8AC-4214-92DD-76CFB27CDA28}
	EndGlobalSection
EndGlobal
